
Microsoft Visual Studio Solution File, Format Version 12.00
# Visual Studio Version 16
VisualStudioVersion = 16.0.32929.386
MinimumVisualStudioVersion = 10.0.40219.1
Project("{FAE04EC0-301F-11D3-BF4B-00C04F79EFBC}") = "Lab 9.1", "Lab 9.1\Lab 9.1.csproj", "{A739DDB5-36C7-49E2-B482-36A220676625}"
EndProject
Global
	GlobalSection(SolutionConfigurationPlatforms) = preSolution
		Debug|Any CPU = Debug|Any CPU
		Release|Any CPU = Release|Any CPU
	EndGlobalSection
	GlobalSection(ProjectConfigurationPlatforms) = postSolution
		{A739DDB5-36C7-49E2-B482-36A220676625}.Debug|Any CPU.ActiveCfg = Debug|Any CPU
		{A739DDB5-36C7-49E2-B482-36A220676625}.Debug|Any CPU.Build.0 = Debug|Any CPU
		{A739DDB5-36C7-49E2-B482-36A220676625}.Release|Any CPU.ActiveCfg = Release|Any CPU
		{A739DDB5-36C7-49E2-B482-36A220676625}.Release|Any CPU.Build.0 = Release|Any CPU
	EndGlobalSection
	GlobalSection(SolutionProperties) = preSolution
		HideSolutionNode = FALSE
	EndGlobalSection
	GlobalSection(ExtensibilityGlobals) = postSolution
		SolutionGuid = {242DC33D-7C9B-47A8-8A63-7635D120F492}
	EndGlobalSection
EndGlobal
